
Microsoft Visual Studio Solution File, Format Version 12.00
# Visual Studio 2013
VisualStudioVersion = 12.0.21005.1
MinimumVisualStudioVersion = 10.0.40219.1
Project("{FAE04EC0-301F-11D3-BF4B-00C04F79EFBC}") = "GarcON.Ui", "GarcON.Ui.csproj", "{0C722635-2CAB-499E-BC94-AD00923FFCA0}"
EndProject
Project("{FAE04EC0-301F-11D3-BF4B-00C04F79EFBC}") = "GarcON.Modelo", "GarcON.Modelo\GarcON.Modelo.csproj", "{C7AA2590-BC28-4090-81DD-2D69CE3C8032}"
EndProject
Project("{FAE04EC0-301F-11D3-BF4B-00C04F79EFBC}") = "GarcON.Data", "GarcON.Data\GarcON.Data.csproj", "{99B3794A-788B-483C-8D2D-1EAB144E97FD}"
EndProject
Project("{FAE04EC0-301F-11D3-BF4B-00C04F79EFBC}") = "GarcON.Servico", "GarcON.Servico\GarcON.Servico.csproj", "{403AB557-67BC-428C-8284-7163F6D65606}"
EndProject
Global
	GlobalSection(SolutionConfigurationPlatforms) = preSolution
		Debug|Any CPU = Debug|Any CPU
		Release|Any CPU = Release|Any CPU
	EndGlobalSection
	GlobalSection(ProjectConfigurationPlatforms) = postSolution
		{0C722635-2CAB-499E-BC94-AD00923FFCA0}.Debug|Any CPU.ActiveCfg = Debug|Any CPU
		{0C722635-2CAB-499E-BC94-AD00923FFCA0}.Debug|Any CPU.Build.0 = Debug|Any CPU
		{0C722635-2CAB-499E-BC94-AD00923FFCA0}.Release|Any CPU.ActiveCfg = Release|Any CPU
		{0C722635-2CAB-499E-BC94-AD00923FFCA0}.Release|Any CPU.Build.0 = Release|Any CPU
		{C7AA2590-BC28-4090-81DD-2D69CE3C8032}.Debug|Any CPU.ActiveCfg = Debug|Any CPU
		{C7AA2590-BC28-4090-81DD-2D69CE3C8032}.Debug|Any CPU.Build.0 = Debug|Any CPU
		{C7AA2590-BC28-4090-81DD-2D69CE3C8032}.Release|Any CPU.ActiveCfg = Release|Any CPU
		{C7AA2590-BC28-4090-81DD-2D69CE3C8032}.Release|Any CPU.Build.0 = Release|Any CPU
		{99B3794A-788B-483C-8D2D-1EAB144E97FD}.Debug|Any CPU.ActiveCfg = Debug|Any CPU
		{99B3794A-788B-483C-8D2D-1EAB144E97FD}.Debug|Any CPU.Build.0 = Debug|Any CPU
		{99B3794A-788B-483C-8D2D-1EAB144E97FD}.Release|Any CPU.ActiveCfg = Release|Any CPU
		{99B3794A-788B-483C-8D2D-1EAB144E97FD}.Release|Any CPU.Build.0 = Release|Any CPU
		{403AB557-67BC-428C-8284-7163F6D65606}.Debug|Any CPU.ActiveCfg = Debug|Any CPU
		{403AB557-67BC-428C-8284-7163F6D65606}.Debug|Any CPU.Build.0 = Debug|Any CPU
		{403AB557-67BC-428C-8284-7163F6D65606}.Release|Any CPU.ActiveCfg = Release|Any CPU
		{403AB557-67BC-428C-8284-7163F6D65606}.Release|Any CPU.Build.0 = Release|Any CPU
	EndGlobalSection
	GlobalSection(SolutionProperties) = preSolution
		HideSolutionNode = FALSE
	EndGlobalSection
EndGlobal
